
Microsoft Visual Studio Solution File, Format Version 12.00
# Visual Studio 14
VisualStudioVersion = 14.0.25420.1
MinimumVisualStudioVersion = 10.0.40219.1
Project("{FAE04EC0-301F-11D3-BF4B-00C04F79EFBC}") = "Blackjack", "Blackjack\Blackjack.csproj", "{6836612D-C023-4190-9C95-AFE3B39F4014}"
EndProject
Project("{FAE04EC0-301F-11D3-BF4B-00C04F79EFBC}") = "CardsFramework.Android", "CardsFramework.Android\CardsFramework.Android.csproj", "{EF8B263E-928D-46F4-88D4-33A5BB60E9C8}"
EndProject
Global
	GlobalSection(SolutionConfigurationPlatforms) = preSolution
		Debug|Any CPU = Debug|Any CPU
		Release|Any CPU = Release|Any CPU
	EndGlobalSection
	GlobalSection(ProjectConfigurationPlatforms) = postSolution
		{6836612D-C023-4190-9C95-AFE3B39F4014}.Debug|Any CPU.ActiveCfg = Debug|Any CPU
		{6836612D-C023-4190-9C95-AFE3B39F4014}.Debug|Any CPU.Build.0 = Debug|Any CPU
		{6836612D-C023-4190-9C95-AFE3B39F4014}.Debug|Any CPU.Deploy.0 = Debug|Any CPU
		{6836612D-C023-4190-9C95-AFE3B39F4014}.Release|Any CPU.ActiveCfg = Release|Any CPU
		{6836612D-C023-4190-9C95-AFE3B39F4014}.Release|Any CPU.Build.0 = Release|Any CPU
		{6836612D-C023-4190-9C95-AFE3B39F4014}.Release|Any CPU.Deploy.0 = Release|Any CPU
		{EF8B263E-928D-46F4-88D4-33A5BB60E9C8}.Debug|Any CPU.ActiveCfg = Debug|Any CPU
		{EF8B263E-928D-46F4-88D4-33A5BB60E9C8}.Debug|Any CPU.Build.0 = Debug|Any CPU
		{EF8B263E-928D-46F4-88D4-33A5BB60E9C8}.Debug|Any CPU.Deploy.0 = Debug|Any CPU
		{EF8B263E-928D-46F4-88D4-33A5BB60E9C8}.Release|Any CPU.ActiveCfg = Release|Any CPU
		{EF8B263E-928D-46F4-88D4-33A5BB60E9C8}.Release|Any CPU.Build.0 = Release|Any CPU
		{EF8B263E-928D-46F4-88D4-33A5BB60E9C8}.Release|Any CPU.Deploy.0 = Release|Any CPU
	EndGlobalSection
	GlobalSection(SolutionProperties) = preSolution
		HideSolutionNode = FALSE
	EndGlobalSection
EndGlobal
